// !$*UTF8*$!
{
	archiveVersion = 1;
	classes = {
	};
	objectVersion = 46;
	objects = {

/* Begin PBXBuildFile section */
		E954134E1EE8398E00C27291 /* AppDelegate.swift in Sources */ = {isa = PBXBuildFile; fileRef = E954134D1EE8398E00C27291 /* AppDelegate.swift */; };
		E95413501EE8398E00C27291 /* ADViewController.swift in Sources */ = {isa = PBXBuildFile; fileRef = E954134F1EE8398E00C27291 /* ADViewController.swift */; };
		E95413531EE8398E00C27291 /* Main.storyboard in Resources */ = {isa = PBXBuildFile; fileRef = E95413511EE8398E00C27291 /* Main.storyboard */; };
		E95413561EE8398E00C27291 /* Mataam.xcdatamodeld in Sources */ = {isa = PBXBuildFile; fileRef = E95413541EE8398E00C27291 /* Mataam.xcdatamodeld */; };
		E95413581EE8398E00C27291 /* Assets.xcassets in Resources */ = {isa = PBXBuildFile; fileRef = E95413571EE8398E00C27291 /* Assets.xcassets */; };
		E954135B1EE8398E00C27291 /* LaunchScreen.storyboard in Resources */ = {isa = PBXBuildFile; fileRef = E95413591EE8398E00C27291 /* LaunchScreen.storyboard */; };
		E95413661EE8398E00C27291 /* MataamTests.swift in Sources */ = {isa = PBXBuildFile; fileRef = E95413651EE8398E00C27291 /* MataamTests.swift */; };
		E95413711EE8398E00C27291 /* MataamUITests.swift in Sources */ = {isa = PBXBuildFile; fileRef = E95413701EE8398E00C27291 /* MataamUITests.swift */; };
		E9DDF5CB1EE9D7130088E268 /* Splashbackground.png in Resources */ = {isa = PBXBuildFile; fileRef = E9DDF5C21EE9D7130088E268 /* Splashbackground.png */; };
		E9DDF5CC1EE9D7130088E268 /* Splashbackground@2x.png in Resources */ = {isa = PBXBuildFile; fileRef = E9DDF5C31EE9D7130088E268 /* Splashbackground@2x.png */; };
		E9DDF5CD1EE9D7130088E268 /* Splashbackground@3x.png in Resources */ = {isa = PBXBuildFile; fileRef = E9DDF5C41EE9D7130088E268 /* Splashbackground@3x.png */; };
		E9DDF5CE1EE9D7130088E268 /* LogoName.png in Resources */ = {isa = PBXBuildFile; fileRef = E9DDF5C51EE9D7130088E268 /* LogoName.png */; };
		E9DDF5CF1EE9D7130088E268 /* LogoName@2x.png in Resources */ = {isa = PBXBuildFile; fileRef = E9DDF5C61EE9D7130088E268 /* LogoName@2x.png */; };
		E9DDF5D01EE9D7130088E268 /* LogoName@3x.png in Resources */ = {isa = PBXBuildFile; fileRef = E9DDF5C71EE9D7130088E268 /* LogoName@3x.png */; };
		E9DDF5D11EE9D7130088E268 /* LoginBackground.png in Resources */ = {isa = PBXBuildFile; fileRef = E9DDF5C81EE9D7130088E268 /* LoginBackground.png */; };
		E9DDF5D21EE9D7130088E268 /* LoginBackground@2x.png in Resources */ = {isa = PBXBuildFile; fileRef = E9DDF5C91EE9D7130088E268 /* LoginBackground@2x.png */; };
		E9DDF5D31EE9D7130088E268 /* LoginBackground@3x.png in Resources */ = {isa = PBXBuildFile; fileRef = E9DDF5CA1EE9D7130088E268 /* LoginBackground@3x.png */; };
		E9DDF5D51EE9E88C0088E268 /* LoginViewController.swift in Sources */ = {isa = PBXBuildFile; fileRef = E9DDF5D41EE9E88C0088E268 /* LoginViewController.swift */; };
		E9DDF5DC1EE9EC050088E268 /* CheckBtn-Pressed.png in Resources */ = {isa = PBXBuildFile; fileRef = E9DDF5D61EE9EC050088E268 /* CheckBtn-Pressed.png */; };
		E9DDF5DD1EE9EC050088E268 /* CheckBtn-Pressed@2x.png in Resources */ = {isa = PBXBuildFile; fileRef = E9DDF5D71EE9EC050088E268 /* CheckBtn-Pressed@2x.png */; };
		E9DDF5DE1EE9EC050088E268 /* CheckBtn-Pressed@3x.png in Resources */ = {isa = PBXBuildFile; fileRef = E9DDF5D81EE9EC050088E268 /* CheckBtn-Pressed@3x.png */; };
		E9DDF5DF1EE9EC050088E268 /* Register.png in Resources */ = {isa = PBXBuildFile; fileRef = E9DDF5D91EE9EC050088E268 /* Register.png */; };
		E9DDF5E01EE9EC050088E268 /* Register@2x.png in Resources */ = {isa = PBXBuildFile; fileRef = E9DDF5DA1EE9EC050088E268 /* Register@2x.png */; };
		E9DDF5E11EE9EC050088E268 /* Register@3x.png in Resources */ = {isa = PBXBuildFile; fileRef = E9DDF5DB1EE9EC050088E268 /* Register@3x.png */; };
		E9DDF5E51EE9EC680088E268 /* empty.png in Resources */ = {isa = PBXBuildFile; fileRef = E9DDF5E21EE9EC680088E268 /* empty.png */; };
		E9DDF5E61EE9EC680088E268 /* empty@2x.png in Resources */ = {isa = PBXBuildFile; fileRef = E9DDF5E31EE9EC680088E268 /* empty@2x.png */; };
		E9DDF5E71EE9EC680088E268 /* empty@3x.png in Resources */ = {isa = PBXBuildFile; fileRef = E9DDF5E41EE9EC680088E268 /* empty@3x.png */; };
		E9DDF5EB1EE9F4050088E268 /* LoginButton.png in Resources */ = {isa = PBXBuildFile; fileRef = E9DDF5E81EE9F4050088E268 /* LoginButton.png */; };
		E9DDF5EC1EE9F4050088E268 /* LoginButton@2x.png in Resources */ = {isa = PBXBuildFile; fileRef = E9DDF5E91EE9F4050088E268 /* LoginButton@2x.png */; };
		E9DDF5ED1EE9F4050088E268 /* LoginButton@3x.png in Resources */ = {isa = PBXBuildFile; fileRef = E9DDF5EA1EE9F4050088E268 /* LoginButton@3x.png */; };
/* End PBXBuildFile section */

/* Begin PBXContainerItemProxy section */
		E95413621EE8398E00C27291 /* PBXContainerItemProxy */ = {
			isa = PBXContainerItemProxy;
			containerPortal = E95413421EE8398D00C27291 /* Project object */;
			proxyType = 1;
			remoteGlobalIDString = E95413491EE8398E00C27291;
			remoteInfo = Mataam;
		};
		E954136D1EE8398E00C27291 /* PBXContainerItemProxy */ = {
			isa = PBXContainerItemProxy;
			containerPortal = E95413421EE8398D00C27291 /* Project object */;
			proxyType = 1;
			remoteGlobalIDString = E95413491EE8398E00C27291;
			remoteInfo = Mataam;
		};
/* End PBXContainerItemProxy section */

/* Begin PBXFileReference section */
		E954134A1EE8398E00C27291 /* Mataam.app */ = {isa = PBXFileReference; explicitFileType = wrapper.application; includeInIndex = 0; path = Mataam.app; sourceTree = BUILT_PRODUCTS_DIR; };
		E954134D1EE8398E00C27291 /* AppDelegate.swift */ = {isa = PBXFileReference; lastKnownFileType = sourcecode.swift; path = AppDelegate.swift; sourceTree = "<group>"; };
		E954134F1EE8398E00C27291 /* ADViewController.swift */ = {isa = PBXFileReference; lastKnownFileType = sourcecode.swift; path = ADViewController.swift; sourceTree = "<group>"; };
		E95413521EE8398E00C27291 /* Base */ = {isa = PBXFileReference; lastKnownFileType = file.storyboard; name = Base; path = Base.lproj/Main.storyboard; sourceTree = "<group>"; };
		E95413551EE8398E00C27291 /* Mataam.xcdatamodel */ = {isa = PBXFileReference; lastKnownFileType = wrapper.xcdatamodel; path = Mataam.xcdatamodel; sourceTree = "<group>"; };
		E95413571EE8398E00C27291 /* Assets.xcassets */ = {isa = PBXFileReference; lastKnownFileType = folder.assetcatalog; path = Assets.xcassets; sourceTree = "<group>"; };
		E954135A1EE8398E00C27291 /* Base */ = {isa = PBXFileReference; lastKnownFileType = file.storyboard; name = Base; path = Base.lproj/LaunchScreen.storyboard; sourceTree = "<group>"; };
		E954135C1EE8398E00C27291 /* Info.plist */ = {isa = PBXFileReference; lastKnownFileType = text.plist.xml; path = Info.plist; sourceTree = "<group>"; };
		E95413611EE8398E00C27291 /* MataamTests.xctest */ = {isa = PBXFileReference; explicitFileType = wrapper.cfbundle; includeInIndex = 0; path = MataamTests.xctest; sourceTree = BUILT_PRODUCTS_DIR; };
		E95413651EE8398E00C27291 /* MataamTests.swift */ = {isa = PBXFileReference; lastKnownFileType = sourcecode.swift; path = MataamTests.swift; sourceTree = "<group>"; };
		E95413671EE8398E00C27291 /* Info.plist */ = {isa = PBXFileReference; lastKnownFileType = text.plist.xml; path = Info.plist; sourceTree = "<group>"; };
		E954136C1EE8398E00C27291 /* MataamUITests.xctest */ = {isa = PBXFileReference; explicitFileType = wrapper.cfbundle; includeInIndex = 0; path = MataamUITests.xctest; sourceTree = BUILT_PRODUCTS_DIR; };
		E95413701EE8398E00C27291 /* MataamUITests.swift */ = {isa = PBXFileReference; lastKnownFileType = sourcecode.swift; path = MataamUITests.swift; sourceTree = "<group>"; };
		E95413721EE8398E00C27291 /* Info.plist */ = {isa = PBXFileReference; lastKnownFileType = text.plist.xml; path = Info.plist; sourceTree = "<group>"; };
		E9DDF5C21EE9D7130088E268 /* Splashbackground.png */ = {isa = PBXFileReference; lastKnownFileType = image.png; path = Splashbackground.png; sourceTree = "<group>"; };
		E9DDF5C31EE9D7130088E268 /* Splashbackground@2x.png */ = {isa = PBXFileReference; lastKnownFileType = image.png; path = "Splashbackground@2x.png"; sourceTree = "<group>"; };
		E9DDF5C41EE9D7130088E268 /* Splashbackground@3x.png */ = {isa = PBXFileReference; lastKnownFileType = image.png; path = "Splashbackground@3x.png"; sourceTree = "<group>"; };
		E9DDF5C51EE9D7130088E268 /* LogoName.png */ = {isa = PBXFileReference; lastKnownFileType = image.png; path = LogoName.png; sourceTree = "<group>"; };
		E9DDF5C61EE9D7130088E268 /* LogoName@2x.png */ = {isa = PBXFileReference; lastKnownFileType = image.png; path = "LogoName@2x.png"; sourceTree = "<group>"; };
		E9DDF5C71EE9D7130088E268 /* LogoName@3x.png */ = {isa = PBXFileReference; lastKnownFileType = image.png; path = "LogoName@3x.png"; sourceTree = "<group>"; };
		E9DDF5C81EE9D7130088E268 /* LoginBackground.png */ = {isa = PBXFileReference; lastKnownFileType = image.png; path = LoginBackground.png; sourceTree = "<group>"; };
		E9DDF5C91EE9D7130088E268 /* LoginBackground@2x.png */ = {isa = PBXFileReference; lastKnownFileType = image.png; path = "LoginBackground@2x.png"; sourceTree = "<group>"; };
		E9DDF5CA1EE9D7130088E268 /* LoginBackground@3x.png */ = {isa = PBXFileReference; lastKnownFileType = image.png; path = "LoginBackground@3x.png"; sourceTree = "<group>"; };
		E9DDF5D41EE9E88C0088E268 /* LoginViewController.swift */ = {isa = PBXFileReference; fileEncoding = 4; lastKnownFileType = sourcecode.swift; path = LoginViewController.swift; sourceTree = "<group>"; };
		E9DDF5D61EE9EC050088E268 /* CheckBtn-Pressed.png */ = {isa = PBXFileReference; lastKnownFileType = image.png; path = "CheckBtn-Pressed.png"; sourceTree = "<group>"; };
		E9DDF5D71EE9EC050088E268 /* CheckBtn-Pressed@2x.png */ = {isa = PBXFileReference; lastKnownFileType = image.png; path = "CheckBtn-Pressed@2x.png"; sourceTree = "<group>"; };
		E9DDF5D81EE9EC050088E268 /* CheckBtn-Pressed@3x.png */ = {isa = PBXFileReference; lastKnownFileType = image.png; path = "CheckBtn-Pressed@3x.png"; sourceTree = "<group>"; };
		E9DDF5D91EE9EC050088E268 /* Register.png */ = {isa = PBXFileReference; lastKnownFileType = image.png; path = Register.png; sourceTree = "<group>"; };
		E9DDF5DA1EE9EC050088E268 /* Register@2x.png */ = {isa = PBXFileReference; lastKnownFileType = image.png; path = "Register@2x.png"; sourceTree = "<group>"; };
		E9DDF5DB1EE9EC050088E268 /* Register@3x.png */ = {isa = PBXFileReference; lastKnownFileType = image.png; path = "Register@3x.png"; sourceTree = "<group>"; };
		E9DDF5E21EE9EC680088E268 /* empty.png */ = {isa = PBXFileReference; lastKnownFileType = image.png; path = empty.png; sourceTree = "<group>"; };
		E9DDF5E31EE9EC680088E268 /* empty@2x.png */ = {isa = PBXFileReference; lastKnownFileType = image.png; path = "empty@2x.png"; sourceTree = "<group>"; };
		E9DDF5E41EE9EC680088E268 /* empty@3x.png */ = {isa = PBXFileReference; lastKnownFileType = image.png; path = "empty@3x.png"; sourceTree = "<group>"; };
		E9DDF5E81EE9F4050088E268 /* LoginButton.png */ = {isa = PBXFileReference; lastKnownFileType = image.png; path = LoginButton.png; sourceTree = "<group>"; };
		E9DDF5E91EE9F4050088E268 /* LoginButton@2x.png */ = {isa = PBXFileReference; lastKnownFileType = image.png; path = "LoginButton@2x.png"; sourceTree = "<group>"; };
		E9DDF5EA1EE9F4050088E268 /* LoginButton@3x.png */ = {isa = PBXFileReference; lastKnownFileType = image.png; path = "LoginButton@3x.png"; sourceTree = "<group>"; };
/* End PBXFileReference section */

/* Begin PBXFrameworksBuildPhase section */
		E95413471EE8398E00C27291 /* Frameworks */ = {
			isa = PBXFrameworksBuildPhase;
			buildActionMask = 2147483647;
			files = (
			);
			runOnlyForDeploymentPostprocessing = 0;
		};
		E954135E1EE8398E00C27291 /* Frameworks */ = {
			isa = PBXFrameworksBuildPhase;
			buildActionMask = 2147483647;
			files = (
			);
			runOnlyForDeploymentPostprocessing = 0;
		};
		E95413691EE8398E00C27291 /* Frameworks */ = {
			isa = PBXFrameworksBuildPhase;
			buildActionMask = 2147483647;
			files = (
			);
			runOnlyForDeploymentPostprocessing = 0;
		};
/* End PBXFrameworksBuildPhase section */

/* Begin PBXGroup section */
		E95413411EE8398D00C27291 = {
			isa = PBXGroup;
			children = (
				E954134C1EE8398E00C27291 /* Mataam */,
				E95413641EE8398E00C27291 /* MataamTests */,
				E954136F1EE8398E00C27291 /* MataamUITests */,
				E954134B1EE8398E00C27291 /* Products */,
			);
			sourceTree = "<group>";
		};
		E954134B1EE8398E00C27291 /* Products */ = {
			isa = PBXGroup;
			children = (
				E954134A1EE8398E00C27291 /* Mataam.app */,
				E95413611EE8398E00C27291 /* MataamTests.xctest */,
				E954136C1EE8398E00C27291 /* MataamUITests.xctest */,
			);
			name = Products;
			sourceTree = "<group>";
		};
		E954134C1EE8398E00C27291 /* Mataam */ = {
			isa = PBXGroup;
			children = (
				E9DDF5A31EE9CC680088E268 /* ViewControllers */,
				E95413871EE8CC0F00C27291 /* Assets */,
				E954134D1EE8398E00C27291 /* AppDelegate.swift */,
				E95413511EE8398E00C27291 /* Main.storyboard */,
				E95413571EE8398E00C27291 /* Assets.xcassets */,
				E95413591EE8398E00C27291 /* LaunchScreen.storyboard */,
				E954135C1EE8398E00C27291 /* Info.plist */,
				E95413541EE8398E00C27291 /* Mataam.xcdatamodeld */,
			);
			path = Mataam;
			sourceTree = "<group>";
		};
		E95413641EE8398E00C27291 /* MataamTests */ = {
			isa = PBXGroup;
			children = (
				E95413651EE8398E00C27291 /* MataamTests.swift */,
				E95413671EE8398E00C27291 /* Info.plist */,
			);
			path = MataamTests;
			sourceTree = "<group>";
		};
		E954136F1EE8398E00C27291 /* MataamUITests */ = {
			isa = PBXGroup;
			children = (
				E95413701EE8398E00C27291 /* MataamUITests.swift */,
				E95413721EE8398E00C27291 /* Info.plist */,
			);
			path = MataamUITests;
			sourceTree = "<group>";
		};
		E95413871EE8CC0F00C27291 /* Assets */ = {
			isa = PBXGroup;
			children = (
				E9DDF5E81EE9F4050088E268 /* LoginButton.png */,
				E9DDF5E91EE9F4050088E268 /* LoginButton@2x.png */,
				E9DDF5EA1EE9F4050088E268 /* LoginButton@3x.png */,
				E9DDF5E21EE9EC680088E268 /* empty.png */,
				E9DDF5E31EE9EC680088E268 /* empty@2x.png */,
				E9DDF5E41EE9EC680088E268 /* empty@3x.png */,
				E9DDF5D61EE9EC050088E268 /* CheckBtn-Pressed.png */,
				E9DDF5D71EE9EC050088E268 /* CheckBtn-Pressed@2x.png */,
				E9DDF5D81EE9EC050088E268 /* CheckBtn-Pressed@3x.png */,
				E9DDF5D91EE9EC050088E268 /* Register.png */,
				E9DDF5DA1EE9EC050088E268 /* Register@2x.png */,
				E9DDF5DB1EE9EC050088E268 /* Register@3x.png */,
				E9DDF5C21EE9D7130088E268 /* Splashbackground.png */,
				E9DDF5C31EE9D7130088E268 /* Splashbackground@2x.png */,
				E9DDF5C41EE9D7130088E268 /* Splashbackground@3x.png */,
				E9DDF5C51EE9D7130088E268 /* LogoName.png */,
				E9DDF5C61EE9D7130088E268 /* LogoName@2x.png */,
				E9DDF5C71EE9D7130088E268 /* LogoName@3x.png */,
				E9DDF5C81EE9D7130088E268 /* LoginBackground.png */,
				E9DDF5C91EE9D7130088E268 /* LoginBackground@2x.png */,
				E9DDF5CA1EE9D7130088E268 /* LoginBackground@3x.png */,
			);
			name = Assets;
			sourceTree = "<group>";
		};
		E9DDF5A31EE9CC680088E268 /* ViewControllers */ = {
			isa = PBXGroup;
			children = (
				E954134F1EE8398E00C27291 /* ADViewController.swift */,
				E9DDF5D41EE9E88C0088E268 /* LoginViewController.swift */,
			);
			name = ViewControllers;
			sourceTree = "<group>";
		};
/* End PBXGroup section */

/* Begin PBXNativeTarget section */
		E95413491EE8398E00C27291 /* Mataam */ = {
			isa = PBXNativeTarget;
			buildConfigurationList = E95413751EE8398E00C27291 /* Build configuration list for PBXNativeTarget "Mataam" */;
			buildPhases = (
				E95413461EE8398E00C27291 /* Sources */,
				E95413471EE8398E00C27291 /* Frameworks */,
				E95413481EE8398E00C27291 /* Resources */,
			);
			buildRules = (
			);
			dependencies = (
			);
			name = Mataam;
			productName = Mataam;
			productReference = E954134A1EE8398E00C27291 /* Mataam.app */;
			productType = "com.apple.product-type.application";
		};
		E95413601EE8398E00C27291 /* MataamTests */ = {
			isa = PBXNativeTarget;
			buildConfigurationList = E95413781EE8398E00C27291 /* Build configuration list for PBXNativeTarget "MataamTests" */;
			buildPhases = (
				E954135D1EE8398E00C27291 /* Sources */,
				E954135E1EE8398E00C27291 /* Frameworks */,
				E954135F1EE8398E00C27291 /* Resources */,
			);
			buildRules = (
			);
			dependencies = (
				E95413631EE8398E00C27291 /* PBXTargetDependency */,
			);
			name = MataamTests;
			productName = MataamTests;
			productReference = E95413611EE8398E00C27291 /* MataamTests.xctest */;
			productType = "com.apple.product-type.bundle.unit-test";
		};
		E954136B1EE8398E00C27291 /* MataamUITests */ = {
			isa = PBXNativeTarget;
			buildConfigurationList = E954137B1EE8398E00C27291 /* Build configuration list for PBXNativeTarget "MataamUITests" */;
			buildPhases = (
				E95413681EE8398E00C27291 /* Sources */,
				E95413691EE8398E00C27291 /* Frameworks */,
				E954136A1EE8398E00C27291 /* Resources */,
			);
			buildRules = (
			);
			dependencies = (
				E954136E1EE8398E00C27291 /* PBXTargetDependency */,
			);
			name = MataamUITests;
			productName = MataamUITests;
			productReference = E954136C1EE8398E00C27291 /* MataamUITests.xctest */;
			productType = "com.apple.product-type.bundle.ui-testing";
		};
/* End PBXNativeTarget section */

/* Begin PBXProject section */
		E95413421EE8398D00C27291 /* Project object */ = {
			isa = PBXProject;
			attributes = {
				LastSwiftUpdateCheck = 0830;
				LastUpgradeCheck = 0830;
				ORGANIZATIONNAME = AndreszGolanski;
				TargetAttributes = {
					E95413491EE8398E00C27291 = {
						CreatedOnToolsVersion = 8.3.2;
						DevelopmentTeam = 8H3JFT5FJZ;
						ProvisioningStyle = Automatic;
					};
					E95413601EE8398E00C27291 = {
						CreatedOnToolsVersion = 8.3.2;
						DevelopmentTeam = 8H3JFT5FJZ;
						ProvisioningStyle = Automatic;
						TestTargetID = E95413491EE8398E00C27291;
					};
					E954136B1EE8398E00C27291 = {
						CreatedOnToolsVersion = 8.3.2;
						DevelopmentTeam = 8H3JFT5FJZ;
						ProvisioningStyle = Automatic;
						TestTargetID = E95413491EE8398E00C27291;
					};
				};
			};
			buildConfigurationList = E95413451EE8398E00C27291 /* Build configuration list for PBXProject "Mataam" */;
			compatibilityVersion = "Xcode 3.2";
			developmentRegion = English;
			hasScannedForEncodings = 0;
			knownRegions = (
				en,
				Base,
			);
			mainGroup = E95413411EE8398D00C27291;
			productRefGroup = E954134B1EE8398E00C27291 /* Products */;
			projectDirPath = "";
			projectRoot = "";
			targets = (
				E95413491EE8398E00C27291 /* Mataam */,
				E95413601EE8398E00C27291 /* MataamTests */,
				E954136B1EE8398E00C27291 /* MataamUITests */,
			);
		};
/* End PBXProject section */

/* Begin PBXResourcesBuildPhase section */
		E95413481EE8398E00C27291 /* Resources */ = {
			isa = PBXResourcesBuildPhase;
			buildActionMask = 2147483647;
			files = (
				E954135B1EE8398E00C27291 /* LaunchScreen.storyboard in Resources */,
				E9DDF5E71EE9EC680088E268 /* empty@3x.png in Resources */,
				E9DDF5D21EE9D7130088E268 /* LoginBackground@2x.png in Resources */,
				E9DDF5DD1EE9EC050088E268 /* CheckBtn-Pressed@2x.png in Resources */,
				E9DDF5D11EE9D7130088E268 /* LoginBackground.png in Resources */,
				E9DDF5E51EE9EC680088E268 /* empty.png in Resources */,
				E9DDF5D31EE9D7130088E268 /* LoginBackground@3x.png in Resources */,
				E9DDF5CD1EE9D7130088E268 /* Splashbackground@3x.png in Resources */,
				E9DDF5DE1EE9EC050088E268 /* CheckBtn-Pressed@3x.png in Resources */,
				E9DDF5E61EE9EC680088E268 /* empty@2x.png in Resources */,
				E9DDF5CB1EE9D7130088E268 /* Splashbackground.png in Resources */,
				E9DDF5EB1EE9F4050088E268 /* LoginButton.png in Resources */,
				E9DDF5DF1EE9EC050088E268 /* Register.png in Resources */,
				E9DDF5ED1EE9F4050088E268 /* LoginButton@3x.png in Resources */,
				E95413581EE8398E00C27291 /* Assets.xcassets in Resources */,
				E9DDF5D01EE9D7130088E268 /* LogoName@3x.png in Resources */,
				E9DDF5CE1EE9D7130088E268 /* LogoName.png in Resources */,
				E9DDF5EC1EE9F4050088E268 /* LoginButton@2x.png in Resources */,
				E9DDF5DC1EE9EC050088E268 /* CheckBtn-Pressed.png in Resources */,
				E9DDF5CC1EE9D7130088E268 /* Splashbackground@2x.png in Resources */,
				E9DDF5E11EE9EC050088E268 /* Register@3x.png in Resources */,
				E9DDF5E01EE9EC050088E268 /* Register@2x.png in Resources */,
				E9DDF5CF1EE9D7130088E268 /* LogoName@2x.png in Resources */,
				E95413531EE8398E00C27291 /* Main.storyboard in Resources */,
			);
			runOnlyForDeploymentPostprocessing = 0;
		};
		E954135F1EE8398E00C27291 /* Resources */ = {
			isa = PBXResourcesBuildPhase;
			buildActionMask = 2147483647;
			files = (
			);
			runOnlyForDeploymentPostprocessing = 0;
		};
		E954136A1EE8398E00C27291 /* Resources */ = {
			isa = PBXResourcesBuildPhase;
			buildActionMask = 2147483647;
			files = (
			);
			runOnlyForDeploymentPostprocessing = 0;
		};
/* End PBXResourcesBuildPhase section */

/* Begin PBXSourcesBuildPhase section */
		E95413461EE8398E00C27291 /* Sources */ = {
			isa = PBXSourcesBuildPhase;
			buildActionMask = 2147483647;
			files = (
				E9DDF5D51EE9E88C0088E268 /* LoginViewController.swift in Sources */,
				E95413501EE8398E00C27291 /* ADViewController.swift in Sources */,
				E954134E1EE8398E00C27291 /* AppDelegate.swift in Sources */,
				E95413561EE8398E00C27291 /* Mataam.xcdatamodeld in Sources */,
			);
			runOnlyForDeploymentPostprocessing = 0;
		};
		E954135D1EE8398E00C27291 /* Sources */ = {
			isa = PBXSourcesBuildPhase;
			buildActionMask = 2147483647;
			files = (
				E95413661EE8398E00C27291 /* MataamTests.swift in Sources */,
			);
			runOnlyForDeploymentPostprocessing = 0;
		};
		E95413681EE8398E00C27291 /* Sources */ = {
			isa = PBXSourcesBuildPhase;
			buildActionMask = 2147483647;
			files = (
				E95413711EE8398E00C27291 /* MataamUITests.swift in Sources */,
			);
			runOnlyForDeploymentPostprocessing = 0;
		};
/* End PBXSourcesBuildPhase section */

/* Begin PBXTargetDependency section */
		E95413631EE8398E00C27291 /* PBXTargetDependency */ = {
			isa = PBXTargetDependency;
			target = E95413491EE8398E00C27291 /* Mataam */;
			targetProxy = E95413621EE8398E00C27291 /* PBXContainerItemProxy */;
		};
		E954136E1EE8398E00C27291 /* PBXTargetDependency */ = {
			isa = PBXTargetDependency;
			target = E95413491EE8398E00C27291 /* Mataam */;
			targetProxy = E954136D1EE8398E00C27291 /* PBXContainerItemProxy */;
		};
/* End PBXTargetDependency section */

/* Begin PBXVariantGroup section */
		E95413511EE8398E00C27291 /* Main.storyboard */ = {
			isa = PBXVariantGroup;
			children = (
				E95413521EE8398E00C27291 /* Base */,
			);
			name = Main.storyboard;
			sourceTree = "<group>";
		};
		E95413591EE8398E00C27291 /* LaunchScreen.storyboard */ = {
			isa = PBXVariantGroup;
			children = (
				E954135A1EE8398E00C27291 /* Base */,
			);
			name = LaunchScreen.storyboard;
			sourceTree = "<group>";
		};
/* End PBXVariantGroup section */

/* Begin XCBuildConfiguration section */
		E95413731EE8398E00C27291 /* Debug */ = {
			isa = XCBuildConfiguration;
			buildSettings = {
				ALWAYS_SEARCH_USER_PATHS = NO;
				CLANG_ANALYZER_NONNULL = YES;
				CLANG_ANALYZER_NUMBER_OBJECT_CONVERSION = YES_AGGRESSIVE;
				CLANG_CXX_LANGUAGE_STANDARD = "gnu++0x";
				CLANG_CXX_LIBRARY = "libc++";
				CLANG_ENABLE_MODULES = YES;
				CLANG_ENABLE_OBJC_ARC = YES;
				CLANG_WARN_BOOL_CONVERSION = YES;
				CLANG_WARN_CONSTANT_CONVERSION = YES;
				CLANG_WARN_DIRECT_OBJC_ISA_USAGE = YES_ERROR;
				CLANG_WARN_DOCUMENTATION_COMMENTS = YES;
				CLANG_WARN_EMPTY_BODY = YES;
				CLANG_WARN_ENUM_CONVERSION = YES;
				CLANG_WARN_INFINITE_RECURSION = YES;
				CLANG_WARN_INT_CONVERSION = YES;
				CLANG_WARN_OBJC_ROOT_CLASS = YES_ERROR;
				CLANG_WARN_SUSPICIOUS_MOVE = YES;
				CLANG_WARN_UNREACHABLE_CODE = YES;
				CLANG_WARN__DUPLICATE_METHOD_MATCH = YES;
				"CODE_SIGN_IDENTITY[sdk=iphoneos*]" = "iPhone Developer";
				COPY_PHASE_STRIP = NO;
				DEBUG_INFORMATION_FORMAT = dwarf;
				ENABLE_STRICT_OBJC_MSGSEND = YES;
				ENABLE_TESTABILITY = YES;
				GCC_C_LANGUAGE_STANDARD = gnu99;
				GCC_DYNAMIC_NO_PIC = NO;
				GCC_NO_COMMON_BLOCKS = YES;
				GCC_OPTIMIZATION_LEVEL = 0;
				GCC_PREPROCESSOR_DEFINITIONS = (
					"DEBUG=1",
					"$(inherited)",
				);
				GCC_WARN_64_TO_32_BIT_CONVERSION = YES;
				GCC_WARN_ABOUT_RETURN_TYPE = YES_ERROR;
				GCC_WARN_UNDECLARED_SELECTOR = YES;
				GCC_WARN_UNINITIALIZED_AUTOS = YES_AGGRESSIVE;
				GCC_WARN_UNUSED_FUNCTION = YES;
				GCC_WARN_UNUSED_VARIABLE = YES;
				IPHONEOS_DEPLOYMENT_TARGET = 10.3;
				MTL_ENABLE_DEBUG_INFO = YES;
				ONLY_ACTIVE_ARCH = YES;
				SDKROOT = iphoneos;
				SWIFT_ACTIVE_COMPILATION_CONDITIONS = DEBUG;
				SWIFT_OPTIMIZATION_LEVEL = "-Onone";
				TARGETED_DEVICE_FAMILY = "1,2";
			};
			name = Debug;
		};
		E95413741EE8398E00C27291 /* Release */ = {
			isa = XCBuildConfiguration;
			buildSettings = {
				ALWAYS_SEARCH_USER_PATHS = NO;
				CLANG_ANALYZER_NONNULL = YES;
				CLANG_ANALYZER_NUMBER_OBJECT_CONVERSION = YES_AGGRESSIVE;
				CLANG_CXX_LANGUAGE_STANDARD = "gnu++0x";
				CLANG_CXX_LIBRARY = "libc++";
				CLANG_ENABLE_MODULES = YES;
				CLANG_ENABLE_OBJC_ARC = YES;
				CLANG_WARN_BOOL_CONVERSION = YES;
				CLANG_WARN_CONSTANT_CONVERSION = YES;
				CLANG_WARN_DIRECT_OBJC_ISA_USAGE = YES_ERROR;
				CLANG_WARN_DOCUMENTATION_COMMENTS = YES;
				CLANG_WARN_EMPTY_BODY = YES;
				CLANG_WARN_ENUM_CONVERSION = YES;
				CLANG_WARN_INFINITE_RECURSION = YES;
				CLANG_WARN_INT_CONVERSION = YES;
				CLANG_WARN_OBJC_ROOT_CLASS = YES_ERROR;
				CLANG_WARN_SUSPICIOUS_MOVE = YES;
				CLANG_WARN_UNREACHABLE_CODE = YES;
				CLANG_WARN__DUPLICATE_METHOD_MATCH = YES;
				"CODE_SIGN_IDENTITY[sdk=iphoneos*]" = "iPhone Developer";
				COPY_PHASE_STRIP = NO;
				DEBUG_INFORMATION_FORMAT = "dwarf-with-dsym";
				ENABLE_NS_ASSERTIONS = NO;
				ENABLE_STRICT_OBJC_MSGSEND = YES;
				GCC_C_LANGUAGE_STANDARD = gnu99;
				GCC_NO_COMMON_BLOCKS = YES;
				GCC_WARN_64_TO_32_BIT_CONVERSION = YES;
				GCC_WARN_ABOUT_RETURN_TYPE = YES_ERROR;
				GCC_WARN_UNDECLARED_SELECTOR = YES;
				GCC_WARN_UNINITIALIZED_AUTOS = YES_AGGRESSIVE;
				GCC_WARN_UNUSED_FUNCTION = YES;
				GCC_WARN_UNUSED_VARIABLE = YES;
				IPHONEOS_DEPLOYMENT_TARGET = 10.3;
				MTL_ENABLE_DEBUG_INFO = NO;
				SDKROOT = iphoneos;
				SWIFT_OPTIMIZATION_LEVEL = "-Owholemodule";
				TARGETED_DEVICE_FAMILY = "1,2";
				VALIDATE_PRODUCT = YES;
			};
			name = Release;
		};
		E95413761EE8398E00C27291 /* Debug */ = {
			isa = XCBuildConfiguration;
			buildSettings = {
				ASSETCATALOG_COMPILER_APPICON_NAME = AppIcon;
				DEVELOPMENT_TEAM = 8H3JFT5FJZ;
				INFOPLIST_FILE = Mataam/Info.plist;
				LD_RUNPATH_SEARCH_PATHS = "$(inherited) @executable_path/Frameworks";
				PRODUCT_BUNDLE_IDENTIFIER = andresz.com.Mataam;
				PRODUCT_NAME = "$(TARGET_NAME)";
				SWIFT_VERSION = 3.0;
			};
			name = Debug;
		};
		E95413771EE8398E00C27291 /* Release */ = {
			isa = XCBuildConfiguration;
			buildSettings = {
				ASSETCATALOG_COMPILER_APPICON_NAME = AppIcon;
				DEVELOPMENT_TEAM = 8H3JFT5FJZ;
				INFOPLIST_FILE = Mataam/Info.plist;
				LD_RUNPATH_SEARCH_PATHS = "$(inherited) @executable_path/Frameworks";
				PRODUCT_BUNDLE_IDENTIFIER = andresz.com.Mataam;
				PRODUCT_NAME = "$(TARGET_NAME)";
				SWIFT_VERSION = 3.0;
			};
			name = Release;
		};
		E95413791EE8398E00C27291 /* Debug */ = {
			isa = XCBuildConfiguration;
			buildSettings = {
				ALWAYS_EMBED_SWIFT_STANDARD_LIBRARIES = YES;
				BUNDLE_LOADER = "$(TEST_HOST)";
				DEVELOPMENT_TEAM = 8H3JFT5FJZ;
				INFOPLIST_FILE = MataamTests/Info.plist;
				LD_RUNPATH_SEARCH_PATHS = "$(inherited) @executable_path/Frameworks @loader_path/Frameworks";
				PRODUCT_BUNDLE_IDENTIFIER = andresz.com.MataamTests;
				PRODUCT_NAME = "$(TARGET_NAME)";
				SWIFT_VERSION = 3.0;
				TEST_HOST = "$(BUILT_PRODUCTS_DIR)/Mataam.app/Mataam";
			};
			name = Debug;
		};
		E954137A1EE8398E00C27291 /* Release */ = {
			isa = XCBuildConfiguration;
			buildSettings = {
				ALWAYS_EMBED_SWIFT_STANDARD_LIBRARIES = YES;
				BUNDLE_LOADER = "$(TEST_HOST)";
				DEVELOPMENT_TEAM = 8H3JFT5FJZ;
				INFOPLIST_FILE = MataamTests/Info.plist;
				LD_RUNPATH_SEARCH_PATHS = "$(inherited) @executable_path/Frameworks @loader_path/Frameworks";
				PRODUCT_BUNDLE_IDENTIFIER = andresz.com.MataamTests;
				PRODUCT_NAME = "$(TARGET_NAME)";
				SWIFT_VERSION = 3.0;
				TEST_HOST = "$(BUILT_PRODUCTS_DIR)/Mataam.app/Mataam";
			};
			name = Release;
		};
		E954137C1EE8398E00C27291 /* Debug */ = {
			isa = XCBuildConfiguration;
			buildSettings = {
				ALWAYS_EMBED_SWIFT_STANDARD_LIBRARIES = YES;
				DEVELOPMENT_TEAM = 8H3JFT5FJZ;
				INFOPLIST_FILE = MataamUITests/Info.plist;
				LD_RUNPATH_SEARCH_PATHS = "$(inherited) @executable_path/Frameworks @loader_path/Frameworks";
				PRODUCT_BUNDLE_IDENTIFIER = andresz.com.MataamUITests;
				PRODUCT_NAME = "$(TARGET_NAME)";
				SWIFT_VERSION = 3.0;
				TEST_TARGET_NAME = Mataam;
			};
			name = Debug;
		};
		E954137D1EE8398E00C27291 /* Release */ = {
			isa = XCBuildConfiguration;
			buildSettings = {
				ALWAYS_EMBED_SWIFT_STANDARD_LIBRARIES = YES;
				DEVELOPMENT_TEAM = 8H3JFT5FJZ;
				INFOPLIST_FILE = MataamUITests/Info.plist;
				LD_RUNPATH_SEARCH_PATHS = "$(inherited) @executable_path/Frameworks @loader_path/Frameworks";
				PRODUCT_BUNDLE_IDENTIFIER = andresz.com.MataamUITests;
				PRODUCT_NAME = "$(TARGET_NAME)";
				SWIFT_VERSION = 3.0;
				TEST_TARGET_NAME = Mataam;
			};
			name = Release;
		};
/* End XCBuildConfiguration section */

/* Begin XCConfigurationList section */
		E95413451EE8398E00C27291 /* Build configuration list for PBXProject "Mataam" */ = {
			isa = XCConfigurationList;
			buildConfigurations = (
				E95413731EE8398E00C27291 /* Debug */,
				E95413741EE8398E00C27291 /* Release */,
			);
			defaultConfigurationIsVisible = 0;
			defaultConfigurationName = Release;
		};
		E95413751EE8398E00C27291 /* Build configuration list for PBXNativeTarget "Mataam" */ = {
			isa = XCConfigurationList;
			buildConfigurations = (
				E95413761EE8398E00C27291 /* Debug */,
				E95413771EE8398E00C27291 /* Release */,
			);
			defaultConfigurationIsVisible = 0;
			defaultConfigurationName = Release;
		};
		E95413781EE8398E00C27291 /* Build configuration list for PBXNativeTarget "MataamTests" */ = {
			isa = XCConfigurationList;
			buildConfigurations = (
				E95413791EE8398E00C27291 /* Debug */,
				E954137A1EE8398E00C27291 /* Release */,
			);
			defaultConfigurationIsVisible = 0;
			defaultConfigurationName = Release;
		};
		E954137B1EE8398E00C27291 /* Build configuration list for PBXNativeTarget "MataamUITests" */ = {
			isa = XCConfigurationList;
			buildConfigurations = (
				E954137C1EE8398E00C27291 /* Debug */,
				E954137D1EE8398E00C27291 /* Release */,
			);
			defaultConfigurationIsVisible = 0;
			defaultConfigurationName = Release;
		};
/* End XCConfigurationList section */

/* Begin XCVersionGroup section */
		E95413541EE8398E00C27291 /* Mataam.xcdatamodeld */ = {
			isa = XCVersionGroup;
			children = (
				E95413551EE8398E00C27291 /* Mataam.xcdatamodel */,
			);
			currentVersion = E95413551EE8398E00C27291 /* Mataam.xcdatamodel */;
			path = Mataam.xcdatamodeld;
			sourceTree = "<group>";
			versionGroupType = wrapper.xcdatamodel;
		};
/* End XCVersionGroup section */
	};
	rootObject = E95413421EE8398D00C27291 /* Project object */;
}
